
Microsoft Visual Studio Solution File, Format Version 12.00
# Visual Studio Version 17
VisualStudioVersion = 17.4.33213.308
MinimumVisualStudioVersion = 10.0.40219.1
Project("{FAE04EC0-301F-11D3-BF4B-00C04F79EFBC}") = "Aula4_Vetores2", "Aula4_Vetores2\Aula4_Vetores2.csproj", "{D1A1971A-72ED-41DF-9019-3B44F74621E9}"
EndProject
Global
	GlobalSection(SolutionConfigurationPlatforms) = preSolution
		Debug|Any CPU = Debug|Any CPU
		Release|Any CPU = Release|Any CPU
	EndGlobalSection
	GlobalSection(ProjectConfigurationPlatforms) = postSolution
		{D1A1971A-72ED-41DF-9019-3B44F74621E9}.Debug|Any CPU.ActiveCfg = Debug|Any CPU
		{D1A1971A-72ED-41DF-9019-3B44F74621E9}.Debug|Any CPU.Build.0 = Debug|Any CPU
		{D1A1971A-72ED-41DF-9019-3B44F74621E9}.Release|Any CPU.ActiveCfg = Release|Any CPU
		{D1A1971A-72ED-41DF-9019-3B44F74621E9}.Release|Any CPU.Build.0 = Release|Any CPU
	EndGlobalSection
	GlobalSection(SolutionProperties) = preSolution
		HideSolutionNode = FALSE
	EndGlobalSection
	GlobalSection(ExtensibilityGlobals) = postSolution
		SolutionGuid = {F490886B-3007-46EF-87A5-20ABBF296B74}
	EndGlobalSection
EndGlobal
