
Microsoft Visual Studio Solution File, Format Version 12.00
# Visual Studio Version 17
VisualStudioVersion = 17.4.33213.308
MinimumVisualStudioVersion = 10.0.40219.1
Project("{FAE04EC0-301F-11D3-BF4B-00C04F79EFBC}") = "Aula3_This", "Aula3_This\Aula3_This.csproj", "{526A35F9-C376-47EF-B732-7C0BD85B0FB1}"
EndProject
Global
	GlobalSection(SolutionConfigurationPlatforms) = preSolution
		Debug|Any CPU = Debug|Any CPU
		Release|Any CPU = Release|Any CPU
	EndGlobalSection
	GlobalSection(ProjectConfigurationPlatforms) = postSolution
		{526A35F9-C376-47EF-B732-7C0BD85B0FB1}.Debug|Any CPU.ActiveCfg = Debug|Any CPU
		{526A35F9-C376-47EF-B732-7C0BD85B0FB1}.Debug|Any CPU.Build.0 = Debug|Any CPU
		{526A35F9-C376-47EF-B732-7C0BD85B0FB1}.Release|Any CPU.ActiveCfg = Release|Any CPU
		{526A35F9-C376-47EF-B732-7C0BD85B0FB1}.Release|Any CPU.Build.0 = Release|Any CPU
	EndGlobalSection
	GlobalSection(SolutionProperties) = preSolution
		HideSolutionNode = FALSE
	EndGlobalSection
	GlobalSection(ExtensibilityGlobals) = postSolution
		SolutionGuid = {3932B2F8-740F-43D3-82EE-B6E42F76F48A}
	EndGlobalSection
EndGlobal
