
Microsoft Visual Studio Solution File, Format Version 12.00
# Visual Studio Version 17
VisualStudioVersion = 17.4.33213.308
MinimumVisualStudioVersion = 10.0.40219.1
Project("{FAE04EC0-301F-11D3-BF4B-00C04F79EFBC}") = "Aula1_Construtores", "Aula1_Construtores\Aula1_Construtores.csproj", "{37A89D02-99BF-4E21-B776-55D524712EF3}"
EndProject
Global
	GlobalSection(SolutionConfigurationPlatforms) = preSolution
		Debug|Any CPU = Debug|Any CPU
		Release|Any CPU = Release|Any CPU
	EndGlobalSection
	GlobalSection(ProjectConfigurationPlatforms) = postSolution
		{37A89D02-99BF-4E21-B776-55D524712EF3}.Debug|Any CPU.ActiveCfg = Debug|Any CPU
		{37A89D02-99BF-4E21-B776-55D524712EF3}.Debug|Any CPU.Build.0 = Debug|Any CPU
		{37A89D02-99BF-4E21-B776-55D524712EF3}.Release|Any CPU.ActiveCfg = Release|Any CPU
		{37A89D02-99BF-4E21-B776-55D524712EF3}.Release|Any CPU.Build.0 = Release|Any CPU
	EndGlobalSection
	GlobalSection(SolutionProperties) = preSolution
		HideSolutionNode = FALSE
	EndGlobalSection
	GlobalSection(ExtensibilityGlobals) = postSolution
		SolutionGuid = {2F23FD7D-2044-4AE8-A9B6-A71164837B07}
	EndGlobalSection
EndGlobal
