
Microsoft Visual Studio Solution File, Format Version 12.00
# Visual Studio Version 17
VisualStudioVersion = 17.4.33213.308
MinimumVisualStudioVersion = 10.0.40219.1
Project("{FAE04EC0-301F-11D3-BF4B-00C04F79EFBC}") = "Aula3_Composicao_StringBuilder_Exerc2", "Aula3_Composicao_StringBuilder_Exerc2\Aula3_Composicao_StringBuilder_Exerc2.csproj", "{EE278CB8-148A-4E25-961D-7F91412FF127}"
EndProject
Global
	GlobalSection(SolutionConfigurationPlatforms) = preSolution
		Debug|Any CPU = Debug|Any CPU
		Release|Any CPU = Release|Any CPU
	EndGlobalSection
	GlobalSection(ProjectConfigurationPlatforms) = postSolution
		{EE278CB8-148A-4E25-961D-7F91412FF127}.Debug|Any CPU.ActiveCfg = Debug|Any CPU
		{EE278CB8-148A-4E25-961D-7F91412FF127}.Debug|Any CPU.Build.0 = Debug|Any CPU
		{EE278CB8-148A-4E25-961D-7F91412FF127}.Release|Any CPU.ActiveCfg = Release|Any CPU
		{EE278CB8-148A-4E25-961D-7F91412FF127}.Release|Any CPU.Build.0 = Release|Any CPU
	EndGlobalSection
	GlobalSection(SolutionProperties) = preSolution
		HideSolutionNode = FALSE
	EndGlobalSection
	GlobalSection(ExtensibilityGlobals) = postSolution
		SolutionGuid = {E6B4A868-C7F5-4994-8874-1BDD07E77CC9}
	EndGlobalSection
EndGlobal
