
Microsoft Visual Studio Solution File, Format Version 12.00
# Visual Studio Version 17
VisualStudioVersion = 17.4.33213.308
MinimumVisualStudioVersion = 10.0.40219.1
Project("{FAE04EC0-301F-11D3-BF4B-00C04F79EFBC}") = "ExercíciosParte4", "ExercíciosParte4\ExercíciosParte4.csproj", "{3BA6F6E3-8D7B-431F-9F8B-52EBF9ADD6DB}"
EndProject
Global
	GlobalSection(SolutionConfigurationPlatforms) = preSolution
		Debug|Any CPU = Debug|Any CPU
		Release|Any CPU = Release|Any CPU
	EndGlobalSection
	GlobalSection(ProjectConfigurationPlatforms) = postSolution
		{3BA6F6E3-8D7B-431F-9F8B-52EBF9ADD6DB}.Debug|Any CPU.ActiveCfg = Debug|Any CPU
		{3BA6F6E3-8D7B-431F-9F8B-52EBF9ADD6DB}.Debug|Any CPU.Build.0 = Debug|Any CPU
		{3BA6F6E3-8D7B-431F-9F8B-52EBF9ADD6DB}.Release|Any CPU.ActiveCfg = Release|Any CPU
		{3BA6F6E3-8D7B-431F-9F8B-52EBF9ADD6DB}.Release|Any CPU.Build.0 = Release|Any CPU
	EndGlobalSection
	GlobalSection(SolutionProperties) = preSolution
		HideSolutionNode = FALSE
	EndGlobalSection
	GlobalSection(ExtensibilityGlobals) = postSolution
		SolutionGuid = {96DFBB28-FAE5-4553-8080-41C0E229DE6E}
	EndGlobalSection
EndGlobal
