
Microsoft Visual Studio Solution File, Format Version 12.00
# Visual Studio Version 17
VisualStudioVersion = 17.4.33213.308
MinimumVisualStudioVersion = 10.0.40219.1
Project("{FAE04EC0-301F-11D3-BF4B-00C04F79EFBC}") = "OitavoProjetoCourse", "OitavoProjetoCourse\OitavoProjetoCourse.csproj", "{B03A48C0-F18E-4162-A355-174E0948295E}"
EndProject
Global
	GlobalSection(SolutionConfigurationPlatforms) = preSolution
		Debug|Any CPU = Debug|Any CPU
		Release|Any CPU = Release|Any CPU
	EndGlobalSection
	GlobalSection(ProjectConfigurationPlatforms) = postSolution
		{B03A48C0-F18E-4162-A355-174E0948295E}.Debug|Any CPU.ActiveCfg = Debug|Any CPU
		{B03A48C0-F18E-4162-A355-174E0948295E}.Debug|Any CPU.Build.0 = Debug|Any CPU
		{B03A48C0-F18E-4162-A355-174E0948295E}.Release|Any CPU.ActiveCfg = Release|Any CPU
		{B03A48C0-F18E-4162-A355-174E0948295E}.Release|Any CPU.Build.0 = Release|Any CPU
	EndGlobalSection
	GlobalSection(SolutionProperties) = preSolution
		HideSolutionNode = FALSE
	EndGlobalSection
	GlobalSection(ExtensibilityGlobals) = postSolution
		SolutionGuid = {12D799EA-01EC-43E6-BF82-3538DB4B8DBB}
	EndGlobalSection
EndGlobal
