
Microsoft Visual Studio Solution File, Format Version 12.00
# Visual Studio Version 17
VisualStudioVersion = 17.4.33213.308
MinimumVisualStudioVersion = 10.0.40219.1
Project("{FAE04EC0-301F-11D3-BF4B-00C04F79EFBC}") = "Aula6_AutoProperties", "Aula6_AutoProperties\Aula6_AutoProperties.csproj", "{66290FA4-2929-4C25-98C2-881C05C896AA}"
EndProject
Global
	GlobalSection(SolutionConfigurationPlatforms) = preSolution
		Debug|Any CPU = Debug|Any CPU
		Release|Any CPU = Release|Any CPU
	EndGlobalSection
	GlobalSection(ProjectConfigurationPlatforms) = postSolution
		{66290FA4-2929-4C25-98C2-881C05C896AA}.Debug|Any CPU.ActiveCfg = Debug|Any CPU
		{66290FA4-2929-4C25-98C2-881C05C896AA}.Debug|Any CPU.Build.0 = Debug|Any CPU
		{66290FA4-2929-4C25-98C2-881C05C896AA}.Release|Any CPU.ActiveCfg = Release|Any CPU
		{66290FA4-2929-4C25-98C2-881C05C896AA}.Release|Any CPU.Build.0 = Release|Any CPU
	EndGlobalSection
	GlobalSection(SolutionProperties) = preSolution
		HideSolutionNode = FALSE
	EndGlobalSection
	GlobalSection(ExtensibilityGlobals) = postSolution
		SolutionGuid = {9E93EAE7-834C-4FFB-9573-FCFDA3DB596F}
	EndGlobalSection
EndGlobal
