
Microsoft Visual Studio Solution File, Format Version 12.00
# Visual Studio Version 17
VisualStudioVersion = 17.4.33213.308
MinimumVisualStudioVersion = 10.0.40219.1
Project("{FAE04EC0-301F-11D3-BF4B-00C04F79EFBC}") = "Aula6_TimeSpan", "Aula6_TimeSpan\Aula6_TimeSpan.csproj", "{DA13DA34-D8C7-43D1-99CF-944BE7791B7A}"
EndProject
Global
	GlobalSection(SolutionConfigurationPlatforms) = preSolution
		Debug|Any CPU = Debug|Any CPU
		Release|Any CPU = Release|Any CPU
	EndGlobalSection
	GlobalSection(ProjectConfigurationPlatforms) = postSolution
		{DA13DA34-D8C7-43D1-99CF-944BE7791B7A}.Debug|Any CPU.ActiveCfg = Debug|Any CPU
		{DA13DA34-D8C7-43D1-99CF-944BE7791B7A}.Debug|Any CPU.Build.0 = Debug|Any CPU
		{DA13DA34-D8C7-43D1-99CF-944BE7791B7A}.Release|Any CPU.ActiveCfg = Release|Any CPU
		{DA13DA34-D8C7-43D1-99CF-944BE7791B7A}.Release|Any CPU.Build.0 = Release|Any CPU
	EndGlobalSection
	GlobalSection(SolutionProperties) = preSolution
		HideSolutionNode = FALSE
	EndGlobalSection
	GlobalSection(ExtensibilityGlobals) = postSolution
		SolutionGuid = {DE5D8FF5-6153-4712-81A1-15D3F3CC4C53}
	EndGlobalSection
EndGlobal
