
Microsoft Visual Studio Solution File, Format Version 12.00
# Visual Studio Version 17
VisualStudioVersion = 17.4.33213.308
MinimumVisualStudioVersion = 10.0.40219.1
Project("{FAE04EC0-301F-11D3-BF4B-00C04F79EFBC}") = "Aula2_SwitchCase", "Aula2_SwitchCase\Aula2_SwitchCase.csproj", "{494C280B-E82C-42B0-9D54-1FA414F76C9D}"
EndProject
Global
	GlobalSection(SolutionConfigurationPlatforms) = preSolution
		Debug|Any CPU = Debug|Any CPU
		Release|Any CPU = Release|Any CPU
	EndGlobalSection
	GlobalSection(ProjectConfigurationPlatforms) = postSolution
		{494C280B-E82C-42B0-9D54-1FA414F76C9D}.Debug|Any CPU.ActiveCfg = Debug|Any CPU
		{494C280B-E82C-42B0-9D54-1FA414F76C9D}.Debug|Any CPU.Build.0 = Debug|Any CPU
		{494C280B-E82C-42B0-9D54-1FA414F76C9D}.Release|Any CPU.ActiveCfg = Release|Any CPU
		{494C280B-E82C-42B0-9D54-1FA414F76C9D}.Release|Any CPU.Build.0 = Release|Any CPU
	EndGlobalSection
	GlobalSection(SolutionProperties) = preSolution
		HideSolutionNode = FALSE
	EndGlobalSection
	GlobalSection(ExtensibilityGlobals) = postSolution
		SolutionGuid = {0D8C361A-F8EA-459A-A646-77B887B62E19}
	EndGlobalSection
EndGlobal
