
Microsoft Visual Studio Solution File, Format Version 12.00
# Visual Studio Version 17
VisualStudioVersion = 17.4.33213.308
MinimumVisualStudioVersion = 10.0.40219.1
Project("{FAE04EC0-301F-11D3-BF4B-00C04F79EFBC}") = "Aula3_Sobreposicao_PalavrasVirtual_Override_Base", "Aula3_Sobreposicao_PalavrasVirtual_Override_Base\Aula3_Sobreposicao_PalavrasVirtual_Override_Base.csproj", "{F104E5F8-83F1-41D0-A847-101405DDCCE1}"
EndProject
Global
	GlobalSection(SolutionConfigurationPlatforms) = preSolution
		Debug|Any CPU = Debug|Any CPU
		Release|Any CPU = Release|Any CPU
	EndGlobalSection
	GlobalSection(ProjectConfigurationPlatforms) = postSolution
		{F104E5F8-83F1-41D0-A847-101405DDCCE1}.Debug|Any CPU.ActiveCfg = Debug|Any CPU
		{F104E5F8-83F1-41D0-A847-101405DDCCE1}.Debug|Any CPU.Build.0 = Debug|Any CPU
		{F104E5F8-83F1-41D0-A847-101405DDCCE1}.Release|Any CPU.ActiveCfg = Release|Any CPU
		{F104E5F8-83F1-41D0-A847-101405DDCCE1}.Release|Any CPU.Build.0 = Release|Any CPU
	EndGlobalSection
	GlobalSection(SolutionProperties) = preSolution
		HideSolutionNode = FALSE
	EndGlobalSection
	GlobalSection(ExtensibilityGlobals) = postSolution
		SolutionGuid = {62320E84-13A7-464C-971E-070FB266E7B9}
	EndGlobalSection
EndGlobal
