
Microsoft Visual Studio Solution File, Format Version 12.00
# Visual Studio Version 17
VisualStudioVersion = 17.4.33213.308
MinimumVisualStudioVersion = 10.0.40219.1
Project("{FAE04EC0-301F-11D3-BF4B-00C04F79EFBC}") = "Aula2_Upcasting_Downcasting", "Aula2_Upcasting_Downcasting\Aula2_Upcasting_Downcasting.csproj", "{841F56FA-506E-4344-9E93-B3D226AC6298}"
EndProject
Global
	GlobalSection(SolutionConfigurationPlatforms) = preSolution
		Debug|Any CPU = Debug|Any CPU
		Release|Any CPU = Release|Any CPU
	EndGlobalSection
	GlobalSection(ProjectConfigurationPlatforms) = postSolution
		{841F56FA-506E-4344-9E93-B3D226AC6298}.Debug|Any CPU.ActiveCfg = Debug|Any CPU
		{841F56FA-506E-4344-9E93-B3D226AC6298}.Debug|Any CPU.Build.0 = Debug|Any CPU
		{841F56FA-506E-4344-9E93-B3D226AC6298}.Release|Any CPU.ActiveCfg = Release|Any CPU
		{841F56FA-506E-4344-9E93-B3D226AC6298}.Release|Any CPU.Build.0 = Release|Any CPU
	EndGlobalSection
	GlobalSection(SolutionProperties) = preSolution
		HideSolutionNode = FALSE
	EndGlobalSection
	GlobalSection(ExtensibilityGlobals) = postSolution
		SolutionGuid = {F886F538-166E-4AC5-9379-E9AD39BCCAB7}
	EndGlobalSection
EndGlobal
