
Microsoft Visual Studio Solution File, Format Version 12.00
# Visual Studio Version 17
VisualStudioVersion = 17.4.33213.308
MinimumVisualStudioVersion = 10.0.40219.1
Project("{FAE04EC0-301F-11D3-BF4B-00C04F79EFBC}") = "TerceiroExercicio", "TerceiroExercicio\TerceiroExercicio.csproj", "{0CD37D3E-C102-4468-8172-FBA1489BD4CB}"
EndProject
Global
	GlobalSection(SolutionConfigurationPlatforms) = preSolution
		Debug|Any CPU = Debug|Any CPU
		Release|Any CPU = Release|Any CPU
	EndGlobalSection
	GlobalSection(ProjectConfigurationPlatforms) = postSolution
		{0CD37D3E-C102-4468-8172-FBA1489BD4CB}.Debug|Any CPU.ActiveCfg = Debug|Any CPU
		{0CD37D3E-C102-4468-8172-FBA1489BD4CB}.Debug|Any CPU.Build.0 = Debug|Any CPU
		{0CD37D3E-C102-4468-8172-FBA1489BD4CB}.Release|Any CPU.ActiveCfg = Release|Any CPU
		{0CD37D3E-C102-4468-8172-FBA1489BD4CB}.Release|Any CPU.Build.0 = Release|Any CPU
	EndGlobalSection
	GlobalSection(SolutionProperties) = preSolution
		HideSolutionNode = FALSE
	EndGlobalSection
	GlobalSection(ExtensibilityGlobals) = postSolution
		SolutionGuid = {57B0B456-476F-4155-8766-918318DCB16C}
	EndGlobalSection
EndGlobal
