
Microsoft Visual Studio Solution File, Format Version 12.00
# Visual Studio Version 17
VisualStudioVersion = 17.4.33213.308
MinimumVisualStudioVersion = 10.0.40219.1
Project("{FAE04EC0-301F-11D3-BF4B-00C04F79EFBC}") = "Aula2_Nullable", "Aula2_Nullable\Aula2_Nullable.csproj", "{B588B017-6F9F-4CD2-84E9-857180D5A9FA}"
EndProject
Global
	GlobalSection(SolutionConfigurationPlatforms) = preSolution
		Debug|Any CPU = Debug|Any CPU
		Release|Any CPU = Release|Any CPU
	EndGlobalSection
	GlobalSection(ProjectConfigurationPlatforms) = postSolution
		{B588B017-6F9F-4CD2-84E9-857180D5A9FA}.Debug|Any CPU.ActiveCfg = Debug|Any CPU
		{B588B017-6F9F-4CD2-84E9-857180D5A9FA}.Debug|Any CPU.Build.0 = Debug|Any CPU
		{B588B017-6F9F-4CD2-84E9-857180D5A9FA}.Release|Any CPU.ActiveCfg = Release|Any CPU
		{B588B017-6F9F-4CD2-84E9-857180D5A9FA}.Release|Any CPU.Build.0 = Release|Any CPU
	EndGlobalSection
	GlobalSection(SolutionProperties) = preSolution
		HideSolutionNode = FALSE
	EndGlobalSection
	GlobalSection(ExtensibilityGlobals) = postSolution
		SolutionGuid = {6E22D246-7014-4640-BD4C-6FC07BEB74CB}
	EndGlobalSection
EndGlobal
