
Microsoft Visual Studio Solution File, Format Version 12.00
# Visual Studio Version 17
VisualStudioVersion = 17.4.33213.308
MinimumVisualStudioVersion = 10.0.40219.1
Project("{FAE04EC0-301F-11D3-BF4B-00C04F79EFBC}") = "Aula2_ComposicaoExerc", "Aula2_ComposicaoExerc\Aula2_ComposicaoExerc.csproj", "{4C69FF2D-60AA-441A-8500-0A54DF1E82F0}"
EndProject
Global
	GlobalSection(SolutionConfigurationPlatforms) = preSolution
		Debug|Any CPU = Debug|Any CPU
		Release|Any CPU = Release|Any CPU
	EndGlobalSection
	GlobalSection(ProjectConfigurationPlatforms) = postSolution
		{4C69FF2D-60AA-441A-8500-0A54DF1E82F0}.Debug|Any CPU.ActiveCfg = Debug|Any CPU
		{4C69FF2D-60AA-441A-8500-0A54DF1E82F0}.Debug|Any CPU.Build.0 = Debug|Any CPU
		{4C69FF2D-60AA-441A-8500-0A54DF1E82F0}.Release|Any CPU.ActiveCfg = Release|Any CPU
		{4C69FF2D-60AA-441A-8500-0A54DF1E82F0}.Release|Any CPU.Build.0 = Release|Any CPU
	EndGlobalSection
	GlobalSection(SolutionProperties) = preSolution
		HideSolutionNode = FALSE
	EndGlobalSection
	GlobalSection(ExtensibilityGlobals) = postSolution
		SolutionGuid = {D66A1380-8947-4815-B767-F54B63A80AC3}
	EndGlobalSection
EndGlobal
