
Microsoft Visual Studio Solution File, Format Version 12.00
# Visual Studio Version 17
VisualStudioVersion = 17.4.33213.308
MinimumVisualStudioVersion = 10.0.40219.1
Project("{FAE04EC0-301F-11D3-BF4B-00C04F79EFBC}") = "SegundoProjetoCourse", "SegundoProjetoCourse\SegundoProjetoCourse.csproj", "{146F524B-7D19-4533-9B07-DA2C3DC60524}"
EndProject
Global
	GlobalSection(SolutionConfigurationPlatforms) = preSolution
		Debug|Any CPU = Debug|Any CPU
		Release|Any CPU = Release|Any CPU
	EndGlobalSection
	GlobalSection(ProjectConfigurationPlatforms) = postSolution
		{146F524B-7D19-4533-9B07-DA2C3DC60524}.Debug|Any CPU.ActiveCfg = Debug|Any CPU
		{146F524B-7D19-4533-9B07-DA2C3DC60524}.Debug|Any CPU.Build.0 = Debug|Any CPU
		{146F524B-7D19-4533-9B07-DA2C3DC60524}.Release|Any CPU.ActiveCfg = Release|Any CPU
		{146F524B-7D19-4533-9B07-DA2C3DC60524}.Release|Any CPU.Build.0 = Release|Any CPU
	EndGlobalSection
	GlobalSection(SolutionProperties) = preSolution
		HideSolutionNode = FALSE
	EndGlobalSection
	GlobalSection(ExtensibilityGlobals) = postSolution
		SolutionGuid = {B129FF20-D3D2-4099-933E-9AEA8C689864}
	EndGlobalSection
EndGlobal
