
Microsoft Visual Studio Solution File, Format Version 12.00
# Visual Studio Version 17
VisualStudioVersion = 17.4.33213.308
MinimumVisualStudioVersion = 10.0.40219.1
Project("{FAE04EC0-301F-11D3-BF4B-00C04F79EFBC}") = "Aula4_Encapsulamento", "Aula4_Encapsulamento\Aula4_Encapsulamento.csproj", "{DFF06EC9-45AB-4E7D-B102-D92C4D363BDB}"
EndProject
Global
	GlobalSection(SolutionConfigurationPlatforms) = preSolution
		Debug|Any CPU = Debug|Any CPU
		Release|Any CPU = Release|Any CPU
	EndGlobalSection
	GlobalSection(ProjectConfigurationPlatforms) = postSolution
		{DFF06EC9-45AB-4E7D-B102-D92C4D363BDB}.Debug|Any CPU.ActiveCfg = Debug|Any CPU
		{DFF06EC9-45AB-4E7D-B102-D92C4D363BDB}.Debug|Any CPU.Build.0 = Debug|Any CPU
		{DFF06EC9-45AB-4E7D-B102-D92C4D363BDB}.Release|Any CPU.ActiveCfg = Release|Any CPU
		{DFF06EC9-45AB-4E7D-B102-D92C4D363BDB}.Release|Any CPU.Build.0 = Release|Any CPU
	EndGlobalSection
	GlobalSection(SolutionProperties) = preSolution
		HideSolutionNode = FALSE
	EndGlobalSection
	GlobalSection(ExtensibilityGlobals) = postSolution
		SolutionGuid = {AF3BFA2B-928B-4885-8B4A-A54D42E2C615}
	EndGlobalSection
EndGlobal
