
Microsoft Visual Studio Solution File, Format Version 12.00
# Visual Studio Version 17
VisualStudioVersion = 17.4.33213.308
MinimumVisualStudioVersion = 10.0.40219.1
Project("{FAE04EC0-301F-11D3-BF4B-00C04F79EFBC}") = "EntradaDeDados1", "EntradaDeDados1\EntradaDeDados1.csproj", "{A12D053E-BADA-4FD5-94EE-BDBD6CFB954A}"
EndProject
Global
	GlobalSection(SolutionConfigurationPlatforms) = preSolution
		Debug|Any CPU = Debug|Any CPU
		Release|Any CPU = Release|Any CPU
	EndGlobalSection
	GlobalSection(ProjectConfigurationPlatforms) = postSolution
		{A12D053E-BADA-4FD5-94EE-BDBD6CFB954A}.Debug|Any CPU.ActiveCfg = Debug|Any CPU
		{A12D053E-BADA-4FD5-94EE-BDBD6CFB954A}.Debug|Any CPU.Build.0 = Debug|Any CPU
		{A12D053E-BADA-4FD5-94EE-BDBD6CFB954A}.Release|Any CPU.ActiveCfg = Release|Any CPU
		{A12D053E-BADA-4FD5-94EE-BDBD6CFB954A}.Release|Any CPU.Build.0 = Release|Any CPU
	EndGlobalSection
	GlobalSection(SolutionProperties) = preSolution
		HideSolutionNode = FALSE
	EndGlobalSection
	GlobalSection(ExtensibilityGlobals) = postSolution
		SolutionGuid = {F0994565-36AD-4CD5-8DD0-C246DD143DE2}
	EndGlobalSection
EndGlobal
