
Microsoft Visual Studio Solution File, Format Version 12.00
# Visual Studio Version 17
VisualStudioVersion = 17.4.33213.308
MinimumVisualStudioVersion = 10.0.40219.1
Project("{FAE04EC0-301F-11D3-BF4B-00C04F79EFBC}") = "Aula2_Sobrecarga", "Aula2_Sobrecarga\Aula2_Sobrecarga.csproj", "{57E2E696-9ECF-4AA3-8149-B08CCFAF812A}"
EndProject
Global
	GlobalSection(SolutionConfigurationPlatforms) = preSolution
		Debug|Any CPU = Debug|Any CPU
		Release|Any CPU = Release|Any CPU
	EndGlobalSection
	GlobalSection(ProjectConfigurationPlatforms) = postSolution
		{57E2E696-9ECF-4AA3-8149-B08CCFAF812A}.Debug|Any CPU.ActiveCfg = Debug|Any CPU
		{57E2E696-9ECF-4AA3-8149-B08CCFAF812A}.Debug|Any CPU.Build.0 = Debug|Any CPU
		{57E2E696-9ECF-4AA3-8149-B08CCFAF812A}.Release|Any CPU.ActiveCfg = Release|Any CPU
		{57E2E696-9ECF-4AA3-8149-B08CCFAF812A}.Release|Any CPU.Build.0 = Release|Any CPU
	EndGlobalSection
	GlobalSection(SolutionProperties) = preSolution
		HideSolutionNode = FALSE
	EndGlobalSection
	GlobalSection(ExtensibilityGlobals) = postSolution
		SolutionGuid = {9A29B9D8-F2BB-411C-911E-973721CBED89}
	EndGlobalSection
EndGlobal
