
Microsoft Visual Studio Solution File, Format Version 12.00
# Visual Studio Version 17
VisualStudioVersion = 17.4.33213.308
MinimumVisualStudioVersion = 10.0.40219.1
Project("{FAE04EC0-301F-11D3-BF4B-00C04F79EFBC}") = "Aula7_ClassesAbstratas", "Aula7_ClassesAbstratas\Aula7_ClassesAbstratas.csproj", "{72596B45-51D4-41A9-9FB3-0FE1E7425D7A}"
EndProject
Global
	GlobalSection(SolutionConfigurationPlatforms) = preSolution
		Debug|Any CPU = Debug|Any CPU
		Release|Any CPU = Release|Any CPU
	EndGlobalSection
	GlobalSection(ProjectConfigurationPlatforms) = postSolution
		{72596B45-51D4-41A9-9FB3-0FE1E7425D7A}.Debug|Any CPU.ActiveCfg = Debug|Any CPU
		{72596B45-51D4-41A9-9FB3-0FE1E7425D7A}.Debug|Any CPU.Build.0 = Debug|Any CPU
		{72596B45-51D4-41A9-9FB3-0FE1E7425D7A}.Release|Any CPU.ActiveCfg = Release|Any CPU
		{72596B45-51D4-41A9-9FB3-0FE1E7425D7A}.Release|Any CPU.Build.0 = Release|Any CPU
	EndGlobalSection
	GlobalSection(SolutionProperties) = preSolution
		HideSolutionNode = FALSE
	EndGlobalSection
	GlobalSection(ExtensibilityGlobals) = postSolution
		SolutionGuid = {E0761B80-D30A-4011-AA6E-2C9B0FD33D91}
	EndGlobalSection
EndGlobal
